// !$*UTF8*$!
{
	archiveVersion = 1;
	classes = {
	};
	objectVersion = 55;
	objects = {

/* Begin PBXBuildFile section */
		CC0E40F028B913B60071F74C /* AppDelegate.swift in Sources */ = {isa = PBXBuildFile; fileRef = CC0E40EF28B913B60071F74C /* AppDelegate.swift */; };
		CC0E40F228B913B60071F74C /* SceneDelegate.swift in Sources */ = {isa = PBXBuildFile; fileRef = CC0E40F128B913B60071F74C /* SceneDelegate.swift */; };
		CC0E40F428B913B60071F74C /* ViewController.swift in Sources */ = {isa = PBXBuildFile; fileRef = CC0E40F328B913B60071F74C /* ViewController.swift */; };
		CC0E40F928B913B70071F74C /* Assets.xcassets in Resources */ = {isa = PBXBuildFile; fileRef = CC0E40F828B913B70071F74C /* Assets.xcassets */; };
		CC0E40FC28B913B70071F74C /* LaunchScreen.storyboard in Resources */ = {isa = PBXBuildFile; fileRef = CC0E40FA28B913B70071F74C /* LaunchScreen.storyboard */; };
		CC0E410828B9140F0071F74C /* Product.swift in Sources */ = {isa = PBXBuildFile; fileRef = CC0E410728B9140F0071F74C /* Product.swift */; };
		CC0E410A28B914540071F74C /* MainTableViewCell.swift in Sources */ = {isa = PBXBuildFile; fileRef = CC0E410928B914540071F74C /* MainTableViewCell.swift */; };
		CC0E410C28B915850071F74C /* NetworkManager.swift in Sources */ = {isa = PBXBuildFile; fileRef = CC0E410B28B915850071F74C /* NetworkManager.swift */; };
		CC0E410F28B915CD0071F74C /* Constants.swift in Sources */ = {isa = PBXBuildFile; fileRef = CC0E410E28B915CD0071F74C /* Constants.swift */; };
		CC534CF228B925CF007D98A7 /* DetailProductViewController.swift in Sources */ = {isa = PBXBuildFile; fileRef = CC534CF128B925CF007D98A7 /* DetailProductViewController.swift */; };
		CC534CF428B94B11007D98A7 /* DetailProductView.swift in Sources */ = {isa = PBXBuildFile; fileRef = CC534CF328B94B11007D98A7 /* DetailProductView.swift */; };
		CC534CFB28BCC208007D98A7 /* SnapKit in Frameworks */ = {isa = PBXBuildFile; productRef = CC534CFA28BCC208007D98A7 /* SnapKit */; };
		CC534D1D28BD0470007D98A7 /* Commons.swift in Sources */ = {isa = PBXBuildFile; fileRef = CC534D1C28BD0470007D98A7 /* Commons.swift */; };
/* End PBXBuildFile section */

/* Begin PBXFileReference section */
		CC0E40EC28B913B60071F74C /* CoffeeAppCode.app */ = {isa = PBXFileReference; explicitFileType = wrapper.application; includeInIndex = 0; path = CoffeeAppCode.app; sourceTree = BUILT_PRODUCTS_DIR; };
		CC0E40EF28B913B60071F74C /* AppDelegate.swift */ = {isa = PBXFileReference; lastKnownFileType = sourcecode.swift; path = AppDelegate.swift; sourceTree = "<group>"; };
		CC0E40F128B913B60071F74C /* SceneDelegate.swift */ = {isa = PBXFileReference; lastKnownFileType = sourcecode.swift; path = SceneDelegate.swift; sourceTree = "<group>"; };
		CC0E40F328B913B60071F74C /* ViewController.swift */ = {isa = PBXFileReference; lastKnownFileType = sourcecode.swift; path = ViewController.swift; sourceTree = "<group>"; };
		CC0E40F828B913B70071F74C /* Assets.xcassets */ = {isa = PBXFileReference; lastKnownFileType = folder.assetcatalog; path = Assets.xcassets; sourceTree = "<group>"; };
		CC0E40FB28B913B70071F74C /* Base */ = {isa = PBXFileReference; lastKnownFileType = file.storyboard; name = Base; path = Base.lproj/LaunchScreen.storyboard; sourceTree = "<group>"; };
		CC0E40FD28B913B70071F74C /* Info.plist */ = {isa = PBXFileReference; lastKnownFileType = text.plist.xml; path = Info.plist; sourceTree = "<group>"; };
		CC0E410728B9140F0071F74C /* Product.swift */ = {isa = PBXFileReference; lastKnownFileType = sourcecode.swift; path = Product.swift; sourceTree = "<group>"; };
		CC0E410928B914540071F74C /* MainTableViewCell.swift */ = {isa = PBXFileReference; lastKnownFileType = sourcecode.swift; path = MainTableViewCell.swift; sourceTree = "<group>"; };
		CC0E410B28B915850071F74C /* NetworkManager.swift */ = {isa = PBXFileReference; lastKnownFileType = sourcecode.swift; path = NetworkManager.swift; sourceTree = "<group>"; };
		CC0E410E28B915CD0071F74C /* Constants.swift */ = {isa = PBXFileReference; lastKnownFileType = sourcecode.swift; path = Constants.swift; sourceTree = "<group>"; };
		CC534CF128B925CF007D98A7 /* DetailProductViewController.swift */ = {isa = PBXFileReference; lastKnownFileType = sourcecode.swift; path = DetailProductViewController.swift; sourceTree = "<group>"; };
		CC534CF328B94B11007D98A7 /* DetailProductView.swift */ = {isa = PBXFileReference; lastKnownFileType = sourcecode.swift; path = DetailProductView.swift; sourceTree = "<group>"; };
		CC534D1C28BD0470007D98A7 /* Commons.swift */ = {isa = PBXFileReference; lastKnownFileType = sourcecode.swift; path = Commons.swift; sourceTree = "<group>"; };
/* End PBXFileReference section */

/* Begin PBXFrameworksBuildPhase section */
		CC0E40E928B913B60071F74C /* Frameworks */ = {
			isa = PBXFrameworksBuildPhase;
			buildActionMask = 2147483647;
			files = (
				CC534CFB28BCC208007D98A7 /* SnapKit in Frameworks */,
			);
			runOnlyForDeploymentPostprocessing = 0;
		};
/* End PBXFrameworksBuildPhase section */

/* Begin PBXGroup section */
		CC0E40E328B913B60071F74C = {
			isa = PBXGroup;
			children = (
				CC0E40EE28B913B60071F74C /* CoffeeAppCode */,
				CC0E40ED28B913B60071F74C /* Products */,
			);
			sourceTree = "<group>";
		};
		CC0E40ED28B913B60071F74C /* Products */ = {
			isa = PBXGroup;
			children = (
				CC0E40EC28B913B60071F74C /* CoffeeAppCode.app */,
			);
			name = Products;
			sourceTree = "<group>";
		};
		CC0E40EE28B913B60071F74C /* CoffeeAppCode */ = {
			isa = PBXGroup;
			children = (
				CC0E40EF28B913B60071F74C /* AppDelegate.swift */,
				CC0E40F128B913B60071F74C /* SceneDelegate.swift */,
				CC0E410D28B915B50071F74C /* Helpers */,
				CC0E410628B913DD0071F74C /* Networking */,
				CC0E410528B913D50071F74C /* Models */,
				CC0E410428B913CD0071F74C /* Views */,
				CC0E410328B913C60071F74C /* Controllers */,
				CC0E40F828B913B70071F74C /* Assets.xcassets */,
				CC0E40FA28B913B70071F74C /* LaunchScreen.storyboard */,
				CC0E40FD28B913B70071F74C /* Info.plist */,
			);
			path = CoffeeAppCode;
			sourceTree = "<group>";
		};
		CC0E410328B913C60071F74C /* Controllers */ = {
			isa = PBXGroup;
			children = (
				CC0E40F328B913B60071F74C /* ViewController.swift */,
				CC534CF128B925CF007D98A7 /* DetailProductViewController.swift */,
			);
			path = Controllers;
			sourceTree = "<group>";
		};
		CC0E410428B913CD0071F74C /* Views */ = {
			isa = PBXGroup;
			children = (
				CC0E410928B914540071F74C /* MainTableViewCell.swift */,
				CC534CF328B94B11007D98A7 /* DetailProductView.swift */,
			);
			path = Views;
			sourceTree = "<group>";
		};
		CC0E410528B913D50071F74C /* Models */ = {
			isa = PBXGroup;
			children = (
				CC0E410728B9140F0071F74C /* Product.swift */,
			);
			path = Models;
			sourceTree = "<group>";
		};
		CC0E410628B913DD0071F74C /* Networking */ = {
			isa = PBXGroup;
			children = (
				CC0E410B28B915850071F74C /* NetworkManager.swift */,
			);
			path = Networking;
			sourceTree = "<group>";
		};
		CC0E410D28B915B50071F74C /* Helpers */ = {
			isa = PBXGroup;
			children = (
				CC0E410E28B915CD0071F74C /* Constants.swift */,
				CC534D1C28BD0470007D98A7 /* Commons.swift */,
			);
			path = Helpers;
			sourceTree = "<group>";
		};
/* End PBXGroup section */

/* Begin PBXNativeTarget section */
		CC0E40EB28B913B60071F74C /* CoffeeAppCode */ = {
			isa = PBXNativeTarget;
			buildConfigurationList = CC0E410028B913B70071F74C /* Build configuration list for PBXNativeTarget "CoffeeAppCode" */;
			buildPhases = (
				CC0E40E828B913B60071F74C /* Sources */,
				CC0E40E928B913B60071F74C /* Frameworks */,
				CC0E40EA28B913B60071F74C /* Resources */,
			);
			buildRules = (
			);
			dependencies = (
			);
			name = CoffeeAppCode;
			packageProductDependencies = (
				CC534CFA28BCC208007D98A7 /* SnapKit */,
			);
			productName = CoffeeAppCode;
			productReference = CC0E40EC28B913B60071F74C /* CoffeeAppCode.app */;
			productType = "com.apple.product-type.application";
		};
/* End PBXNativeTarget section */

/* Begin PBXProject section */
		CC0E40E428B913B60071F74C /* Project object */ = {
			isa = PBXProject;
			attributes = {
				BuildIndependentTargetsInParallel = 1;
				LastSwiftUpdateCheck = 1340;
				LastUpgradeCheck = 1340;
				TargetAttributes = {
					CC0E40EB28B913B60071F74C = {
						CreatedOnToolsVersion = 13.4.1;
					};
				};
			};
			buildConfigurationList = CC0E40E728B913B60071F74C /* Build configuration list for PBXProject "CoffeeAppCode" */;
			compatibilityVersion = "Xcode 13.0";
			developmentRegion = en;
			hasScannedForEncodings = 0;
			knownRegions = (
				en,
				Base,
			);
			mainGroup = CC0E40E328B913B60071F74C;
			packageReferences = (
				CC534CF928BCC208007D98A7 /* XCRemoteSwiftPackageReference "SnapKit" */,
			);
			productRefGroup = CC0E40ED28B913B60071F74C /* Products */;
			projectDirPath = "";
			projectRoot = "";
			targets = (
				CC0E40EB28B913B60071F74C /* CoffeeAppCode */,
			);
		};
/* End PBXProject section */

/* Begin PBXResourcesBuildPhase section */
		CC0E40EA28B913B60071F74C /* Resources */ = {
			isa = PBXResourcesBuildPhase;
			buildActionMask = 2147483647;
			files = (
				CC0E40FC28B913B70071F74C /* LaunchScreen.storyboard in Resources */,
				CC0E40F928B913B70071F74C /* Assets.xcassets in Resources */,
			);
			runOnlyForDeploymentPostprocessing = 0;
		};
/* End PBXResourcesBuildPhase section */

/* Begin PBXSourcesBuildPhase section */
		CC0E40E828B913B60071F74C /* Sources */ = {
			isa = PBXSourcesBuildPhase;
			buildActionMask = 2147483647;
			files = (
				CC0E410C28B915850071F74C /* NetworkManager.swift in Sources */,
				CC0E40F428B913B60071F74C /* ViewController.swift in Sources */,
				CC534D1D28BD0470007D98A7 /* Commons.swift in Sources */,
				CC0E410828B9140F0071F74C /* Product.swift in Sources */,
				CC0E40F028B913B60071F74C /* AppDelegate.swift in Sources */,
				CC0E410F28B915CD0071F74C /* Constants.swift in Sources */,
				CC534CF228B925CF007D98A7 /* DetailProductViewController.swift in Sources */,
				CC534CF428B94B11007D98A7 /* DetailProductView.swift in Sources */,
				CC0E40F228B913B60071F74C /* SceneDelegate.swift in Sources */,
				CC0E410A28B914540071F74C /* MainTableViewCell.swift in Sources */,
			);
			runOnlyForDeploymentPostprocessing = 0;
		};
/* End PBXSourcesBuildPhase section */

/* Begin PBXVariantGroup section */
		CC0E40FA28B913B70071F74C /* LaunchScreen.storyboard */ = {
			isa = PBXVariantGroup;
			children = (
				CC0E40FB28B913B70071F74C /* Base */,
			);
			name = LaunchScreen.storyboard;
			sourceTree = "<group>";
		};
/* End PBXVariantGroup section */

/* Begin XCBuildConfiguration section */
		CC0E40FE28B913B70071F74C /* Debug */ = {
			isa = XCBuildConfiguration;
			buildSettings = {
				ALWAYS_SEARCH_USER_PATHS = NO;
				CLANG_ANALYZER_NONNULL = YES;
				CLANG_ANALYZER_NUMBER_OBJECT_CONVERSION = YES_AGGRESSIVE;
				CLANG_CXX_LANGUAGE_STANDARD = "gnu++17";
				CLANG_ENABLE_MODULES = YES;
				CLANG_ENABLE_OBJC_ARC = YES;
				CLANG_ENABLE_OBJC_WEAK = YES;
				CLANG_WARN_BLOCK_CAPTURE_AUTORELEASING = YES;
				CLANG_WARN_BOOL_CONVERSION = YES;
				CLANG_WARN_COMMA = YES;
				CLANG_WARN_CONSTANT_CONVERSION = YES;
				CLANG_WARN_DEPRECATED_OBJC_IMPLEMENTATIONS = YES;
				CLANG_WARN_DIRECT_OBJC_ISA_USAGE = YES_ERROR;
				CLANG_WARN_DOCUMENTATION_COMMENTS = YES;
				CLANG_WARN_EMPTY_BODY = YES;
				CLANG_WARN_ENUM_CONVERSION = YES;
				CLANG_WARN_INFINITE_RECURSION = YES;
				CLANG_WARN_INT_CONVERSION = YES;
				CLANG_WARN_NON_LITERAL_NULL_CONVERSION = YES;
				CLANG_WARN_OBJC_IMPLICIT_RETAIN_SELF = YES;
				CLANG_WARN_OBJC_LITERAL_CONVERSION = YES;
				CLANG_WARN_OBJC_ROOT_CLASS = YES_ERROR;
				CLANG_WARN_QUOTED_INCLUDE_IN_FRAMEWORK_HEADER = YES;
				CLANG_WARN_RANGE_LOOP_ANALYSIS = YES;
				CLANG_WARN_STRICT_PROTOTYPES = YES;
				CLANG_WARN_SUSPICIOUS_MOVE = YES;
				CLANG_WARN_UNGUARDED_AVAILABILITY = YES_AGGRESSIVE;
				CLANG_WARN_UNREACHABLE_CODE = YES;
				CLANG_WARN__DUPLICATE_METHOD_MATCH = YES;
				COPY_PHASE_STRIP = NO;
				DEBUG_INFORMATION_FORMAT = dwarf;
				ENABLE_STRICT_OBJC_MSGSEND = YES;
				ENABLE_TESTABILITY = YES;
				GCC_C_LANGUAGE_STANDARD = gnu11;
				GCC_DYNAMIC_NO_PIC = NO;
				GCC_NO_COMMON_BLOCKS = YES;
				GCC_OPTIMIZATION_LEVEL = 0;
				GCC_PREPROCESSOR_DEFINITIONS = (
					"DEBUG=1",
					"$(inherited)",
				);
				GCC_WARN_64_TO_32_BIT_CONVERSION = YES;
				GCC_WARN_ABOUT_RETURN_TYPE = YES_ERROR;
				GCC_WARN_UNDECLARED_SELECTOR = YES;
				GCC_WARN_UNINITIALIZED_AUTOS = YES_AGGRESSIVE;
				GCC_WARN_UNUSED_FUNCTION = YES;
				GCC_WARN_UNUSED_VARIABLE = YES;
				IPHONEOS_DEPLOYMENT_TARGET = 15.5;
				MTL_ENABLE_DEBUG_INFO = INCLUDE_SOURCE;
				MTL_FAST_MATH = YES;
				ONLY_ACTIVE_ARCH = YES;
				SDKROOT = iphoneos;
				SWIFT_ACTIVE_COMPILATION_CONDITIONS = DEBUG;
				SWIFT_OPTIMIZATION_LEVEL = "-Onone";
			};
			name = Debug;
		};
		CC0E40FF28B913B70071F74C /* Release */ = {
			isa = XCBuildConfiguration;
			buildSettings = {
				ALWAYS_SEARCH_USER_PATHS = NO;
				CLANG_ANALYZER_NONNULL = YES;
				CLANG_ANALYZER_NUMBER_OBJECT_CONVERSION = YES_AGGRESSIVE;
				CLANG_CXX_LANGUAGE_STANDARD = "gnu++17";
				CLANG_ENABLE_MODULES = YES;
				CLANG_ENABLE_OBJC_ARC = YES;
				CLANG_ENABLE_OBJC_WEAK = YES;
				CLANG_WARN_BLOCK_CAPTURE_AUTORELEASING = YES;
				CLANG_WARN_BOOL_CONVERSION = YES;
				CLANG_WARN_COMMA = YES;
				CLANG_WARN_CONSTANT_CONVERSION = YES;
				CLANG_WARN_DEPRECATED_OBJC_IMPLEMENTATIONS = YES;
				CLANG_WARN_DIRECT_OBJC_ISA_USAGE = YES_ERROR;
				CLANG_WARN_DOCUMENTATION_COMMENTS = YES;
				CLANG_WARN_EMPTY_BODY = YES;
				CLANG_WARN_ENUM_CONVERSION = YES;
				CLANG_WARN_INFINITE_RECURSION = YES;
				CLANG_WARN_INT_CONVERSION = YES;
				CLANG_WARN_NON_LITERAL_NULL_CONVERSION = YES;
				CLANG_WARN_OBJC_IMPLICIT_RETAIN_SELF = YES;
				CLANG_WARN_OBJC_LITERAL_CONVERSION = YES;
				CLANG_WARN_OBJC_ROOT_CLASS = YES_ERROR;
				CLANG_WARN_QUOTED_INCLUDE_IN_FRAMEWORK_HEADER = YES;
				CLANG_WARN_RANGE_LOOP_ANALYSIS = YES;
				CLANG_WARN_STRICT_PROTOTYPES = YES;
				CLANG_WARN_SUSPICIOUS_MOVE = YES;
				CLANG_WARN_UNGUARDED_AVAILABILITY = YES_AGGRESSIVE;
				CLANG_WARN_UNREACHABLE_CODE = YES;
				CLANG_WARN__DUPLICATE_METHOD_MATCH = YES;
				COPY_PHASE_STRIP = NO;
				DEBUG_INFORMATION_FORMAT = "dwarf-with-dsym";
				ENABLE_NS_ASSERTIONS = NO;
				ENABLE_STRICT_OBJC_MSGSEND = YES;
				GCC_C_LANGUAGE_STANDARD = gnu11;
				GCC_NO_COMMON_BLOCKS = YES;
				GCC_WARN_64_TO_32_BIT_CONVERSION = YES;
				GCC_WARN_ABOUT_RETURN_TYPE = YES_ERROR;
				GCC_WARN_UNDECLARED_SELECTOR = YES;
				GCC_WARN_UNINITIALIZED_AUTOS = YES_AGGRESSIVE;
				GCC_WARN_UNUSED_FUNCTION = YES;
				GCC_WARN_UNUSED_VARIABLE = YES;
				IPHONEOS_DEPLOYMENT_TARGET = 15.5;
				MTL_ENABLE_DEBUG_INFO = NO;
				MTL_FAST_MATH = YES;
				SDKROOT = iphoneos;
				SWIFT_COMPILATION_MODE = wholemodule;
				SWIFT_OPTIMIZATION_LEVEL = "-O";
				VALIDATE_PRODUCT = YES;
			};
			name = Release;
		};
		CC0E410128B913B70071F74C /* Debug */ = {
			isa = XCBuildConfiguration;
			buildSettings = {
				ASSETCATALOG_COMPILER_APPICON_NAME = AppIcon;
				ASSETCATALOG_COMPILER_GLOBAL_ACCENT_COLOR_NAME = AccentColor;
				CODE_SIGN_STYLE = Automatic;
				CURRENT_PROJECT_VERSION = 1;
				GENERATE_INFOPLIST_FILE = YES;
				INFOPLIST_FILE = CoffeeAppCode/Info.plist;
				INFOPLIST_KEY_UIApplicationSupportsIndirectInputEvents = YES;
				INFOPLIST_KEY_UILaunchStoryboardName = LaunchScreen;
				INFOPLIST_KEY_UISupportedInterfaceOrientations = UIInterfaceOrientationPortrait;
				INFOPLIST_KEY_UISupportedInterfaceOrientations_iPad = "UIInterfaceOrientationPortrait UIInterfaceOrientationPortraitUpsideDown UIInterfaceOrientationLandscapeLeft UIInterfaceOrientationLandscapeRight";
				INFOPLIST_KEY_UISupportedInterfaceOrientations_iPhone = "UIInterfaceOrientationPortrait UIInterfaceOrientationLandscapeLeft UIInterfaceOrientationLandscapeRight";
				IPHONEOS_DEPLOYMENT_TARGET = 15.0;
				LD_RUNPATH_SEARCH_PATHS = (
					"$(inherited)",
					"@executable_path/Frameworks",
				);
				MARKETING_VERSION = 1.0;
				PRODUCT_BUNDLE_IDENTIFIER = kr.co.henrykim92.CoffeeAppCode;
				PRODUCT_NAME = "$(TARGET_NAME)";
				SWIFT_EMIT_LOC_STRINGS = YES;
				SWIFT_VERSION = 5.0;
				TARGETED_DEVICE_FAMILY = 1;
			};
			name = Debug;
		};
		CC0E410228B913B70071F74C /* Release */ = {
			isa = XCBuildConfiguration;
			buildSettings = {
				ASSETCATALOG_COMPILER_APPICON_NAME = AppIcon;
				ASSETCATALOG_COMPILER_GLOBAL_ACCENT_COLOR_NAME = AccentColor;
				CODE_SIGN_STYLE = Automatic;
				CURRENT_PROJECT_VERSION = 1;
				GENERATE_INFOPLIST_FILE = YES;
				INFOPLIST_FILE = CoffeeAppCode/Info.plist;
				INFOPLIST_KEY_UIApplicationSupportsIndirectInputEvents = YES;
				INFOPLIST_KEY_UILaunchStoryboardName = LaunchScreen;
				INFOPLIST_KEY_UISupportedInterfaceOrientations = UIInterfaceOrientationPortrait;
				INFOPLIST_KEY_UISupportedInterfaceOrientations_iPad = "UIInterfaceOrientationPortrait UIInterfaceOrientationPortraitUpsideDown UIInterfaceOrientationLandscapeLeft UIInterfaceOrientationLandscapeRight";
				INFOPLIST_KEY_UISupportedInterfaceOrientations_iPhone = "UIInterfaceOrientationPortrait UIInterfaceOrientationLandscapeLeft UIInterfaceOrientationLandscapeRight";
				IPHONEOS_DEPLOYMENT_TARGET = 15.0;
				LD_RUNPATH_SEARCH_PATHS = (
					"$(inherited)",
					"@executable_path/Frameworks",
				);
				MARKETING_VERSION = 1.0;
				PRODUCT_BUNDLE_IDENTIFIER = kr.co.henrykim92.CoffeeAppCode;
				PRODUCT_NAME = "$(TARGET_NAME)";
				SWIFT_EMIT_LOC_STRINGS = YES;
				SWIFT_VERSION = 5.0;
				TARGETED_DEVICE_FAMILY = 1;
			};
			name = Release;
		};
/* End XCBuildConfiguration section */

/* Begin XCConfigurationList section */
		CC0E40E728B913B60071F74C /* Build configuration list for PBXProject "CoffeeAppCode" */ = {
			isa = XCConfigurationList;
			buildConfigurations = (
				CC0E40FE28B913B70071F74C /* Debug */,
				CC0E40FF28B913B70071F74C /* Release */,
			);
			defaultConfigurationIsVisible = 0;
			defaultConfigurationName = Release;
		};
		CC0E410028B913B70071F74C /* Build configuration list for PBXNativeTarget "CoffeeAppCode" */ = {
			isa = XCConfigurationList;
			buildConfigurations = (
				CC0E410128B913B70071F74C /* Debug */,
				CC0E410228B913B70071F74C /* Release */,
			);
			defaultConfigurationIsVisible = 0;
			defaultConfigurationName = Release;
		};
/* End XCConfigurationList section */

/* Begin XCRemoteSwiftPackageReference section */
		CC534CF928BCC208007D98A7 /* XCRemoteSwiftPackageReference "SnapKit" */ = {
			isa = XCRemoteSwiftPackageReference;
			repositoryURL = "https://github.com/SnapKit/SnapKit.git";
			requirement = {
				kind = upToNextMajorVersion;
				minimumVersion = 5.0.1;
			};
		};
/* End XCRemoteSwiftPackageReference section */

/* Begin XCSwiftPackageProductDependency section */
		CC534CFA28BCC208007D98A7 /* SnapKit */ = {
			isa = XCSwiftPackageProductDependency;
			package = CC534CF928BCC208007D98A7 /* XCRemoteSwiftPackageReference "SnapKit" */;
			productName = SnapKit;
		};
/* End XCSwiftPackageProductDependency section */
	};
	rootObject = CC0E40E428B913B60071F74C /* Project object */;
}
